
Microsoft Visual Studio Solution File, Format Version 12.00
# Visual Studio 15
VisualStudioVersion = 15.0.28307.1321
MinimumVisualStudioVersion = 10.0.40219.1
Project("{FAE04EC0-301F-11D3-BF4B-00C04F79EFBC}") = "Y_CRM", "Y_CRM\Y_CRM.csproj", "{9EF14346-901D-46B6-9458-4712135867A5}"
EndProject
Global
	GlobalSection(SolutionConfigurationPlatforms) = preSolution
		Debug|Any CPU = Debug|Any CPU
		Release|Any CPU = Release|Any CPU
	EndGlobalSection
	GlobalSection(ProjectConfigurationPlatforms) = postSolution
		{9EF14346-901D-46B6-9458-4712135867A5}.Debug|Any CPU.ActiveCfg = Debug|Any CPU
		{9EF14346-901D-46B6-9458-4712135867A5}.Debug|Any CPU.Build.0 = Debug|Any CPU
		{9EF14346-901D-46B6-9458-4712135867A5}.Release|Any CPU.ActiveCfg = Release|Any CPU
		{9EF14346-901D-46B6-9458-4712135867A5}.Release|Any CPU.Build.0 = Release|Any CPU
	EndGlobalSection
	GlobalSection(SolutionProperties) = preSolution
		HideSolutionNode = FALSE
	EndGlobalSection
	GlobalSection(ExtensibilityGlobals) = postSolution
		SolutionGuid = {239841A8-52E5-418F-835A-8980EA4B1B90}
	EndGlobalSection
EndGlobal
